
Microsoft Visual Studio Solution File, Format Version 12.00
# Visual Studio Version 17
VisualStudioVersion = 17.1.32421.90
MinimumVisualStudioVersion = 10.0.40219.1
Project("{9A19103F-16F7-4668-BE54-9A1E7A4F7556}") = "crafts", "crafts\crafts.csproj", "{FC7742B7-2B19-4CA4-A87F-543AAD19EB53}"
EndProject
Global
	GlobalSection(SolutionConfigurationPlatforms) = preSolution
		Debug|Any CPU = Debug|Any CPU
		Release|Any CPU = Release|Any CPU
	EndGlobalSection
	GlobalSection(ProjectConfigurationPlatforms) = postSolution
		{FC7742B7-2B19-4CA4-A87F-543AAD19EB53}.Debug|Any CPU.ActiveCfg = Debug|Any CPU
		{FC7742B7-2B19-4CA4-A87F-543AAD19EB53}.Debug|Any CPU.Build.0 = Debug|Any CPU
		{FC7742B7-2B19-4CA4-A87F-543AAD19EB53}.Release|Any CPU.ActiveCfg = Release|Any CPU
		{FC7742B7-2B19-4CA4-A87F-543AAD19EB53}.Release|Any CPU.Build.0 = Release|Any CPU
	EndGlobalSection
	GlobalSection(SolutionProperties) = preSolution
		HideSolutionNode = FALSE
	EndGlobalSection
	GlobalSection(ExtensibilityGlobals) = postSolution
		SolutionGuid = {5B68A2CD-7EC0-4972-A4F5-11817B54043F}
	EndGlobalSection
EndGlobal
